# THIS IS AN AUTOGENERATED FILE. DO NOT EDIT THIS FILE DIRECTLY.
# yarn lockfile v1


"@types/google-apps-script@^0.0.46":
  version "0.0.46"
  resolved "https://registry.yarnpkg.com/@types/google-apps-script/-/google-apps-script-0.0.46.tgz#16f18e9b5f2f0811107e98a0fe3d22b403a5cc55"
  integrity sha512-6MFb47PubTzhKyq3cXm9syPEv6N90rgugwC/AtfcStQD8RmjYRrbTuL5K6Yr9stZztYbgIwLh0Ew/x8Hri7DZA==
